
Microsoft Visual Studio Solution File, Format Version 12.00
# Visual Studio Version 17
VisualStudioVersion = 17.7.34024.191
MinimumVisualStudioVersion = 10.0.40219.1
Project("{FAE04EC0-301F-11D3-BF4B-00C04F79EFBC}") = "Solid.API", "Solid.API\Solid.API.csproj", "{9FB9F4FE-BDA5-4C19-8E2E-E1B9131B880E}"
EndProject
Project("{FAE04EC0-301F-11D3-BF4B-00C04F79EFBC}") = "Solid.Data", "Solid.Data\Solid.Data.csproj", "{49FCCD63-5940-4FC3-BDD7-83639AB325C7}"
EndProject
Project("{FAE04EC0-301F-11D3-BF4B-00C04F79EFBC}") = "Solid.Service", "Solid.Service\Solid.Service.csproj", "{42A92499-E719-4F99-BAE8-54F897A018CF}"
EndProject
Global
	GlobalSection(SolutionConfigurationPlatforms) = preSolution
		Debug|Any CPU = Debug|Any CPU
		Release|Any CPU = Release|Any CPU
	EndGlobalSection
	GlobalSection(ProjectConfigurationPlatforms) = postSolution
		{9FB9F4FE-BDA5-4C19-8E2E-E1B9131B880E}.Debug|Any CPU.ActiveCfg = Debug|Any CPU
		{9FB9F4FE-BDA5-4C19-8E2E-E1B9131B880E}.Debug|Any CPU.Build.0 = Debug|Any CPU
		{9FB9F4FE-BDA5-4C19-8E2E-E1B9131B880E}.Release|Any CPU.ActiveCfg = Release|Any CPU
		{9FB9F4FE-BDA5-4C19-8E2E-E1B9131B880E}.Release|Any CPU.Build.0 = Release|Any CPU
		{49FCCD63-5940-4FC3-BDD7-83639AB325C7}.Debug|Any CPU.ActiveCfg = Debug|Any CPU
		{49FCCD63-5940-4FC3-BDD7-83639AB325C7}.Debug|Any CPU.Build.0 = Debug|Any CPU
		{49FCCD63-5940-4FC3-BDD7-83639AB325C7}.Release|Any CPU.ActiveCfg = Release|Any CPU
		{49FCCD63-5940-4FC3-BDD7-83639AB325C7}.Release|Any CPU.Build.0 = Release|Any CPU
		{42A92499-E719-4F99-BAE8-54F897A018CF}.Debug|Any CPU.ActiveCfg = Debug|Any CPU
		{42A92499-E719-4F99-BAE8-54F897A018CF}.Debug|Any CPU.Build.0 = Debug|Any CPU
		{42A92499-E719-4F99-BAE8-54F897A018CF}.Release|Any CPU.ActiveCfg = Release|Any CPU
		{42A92499-E719-4F99-BAE8-54F897A018CF}.Release|Any CPU.Build.0 = Release|Any CPU
	EndGlobalSection
	GlobalSection(SolutionProperties) = preSolution
		HideSolutionNode = FALSE
	EndGlobalSection
	GlobalSection(ExtensibilityGlobals) = postSolution
		SolutionGuid = {354F2675-283D-4916-9C42-BCDD17D3ACAF}
	EndGlobalSection
EndGlobal
